
Microsoft Visual Studio Solution File, Format Version 12.00
# Visual Studio Version 17
VisualStudioVersion = 17.0.31903.59
MinimumVisualStudioVersion = 10.0.40219.1
Project("{2150E333-8FDC-42A3-9474-1A3956D46DE8}") = "src", "src", "{97F2579B-927C-4CF0-8EC9-70659C8C5F94}"
EndProject
Project("{FAE04EC0-301F-11D3-BF4B-00C04F79EFBC}") = "rescuttle", "src\rescuttle\rescuttle.csproj", "{BA3B10D9-4215-42D7-91EB-DEB93A444E4B}"
EndProject
Project("{FAE04EC0-301F-11D3-BF4B-00C04F79EFBC}") = "rescuttle.tests", "src\rescuttle.tests\rescuttle.tests.csproj", "{9BCA4EBE-B59C-4169-93EB-17D347C4218E}"
EndProject
Global
	GlobalSection(SolutionConfigurationPlatforms) = preSolution
		Debug|Any CPU = Debug|Any CPU
		Release|Any CPU = Release|Any CPU
	EndGlobalSection
	GlobalSection(SolutionProperties) = preSolution
		HideSolutionNode = FALSE
	EndGlobalSection
	GlobalSection(ProjectConfigurationPlatforms) = postSolution
		{BA3B10D9-4215-42D7-91EB-DEB93A444E4B}.Debug|Any CPU.ActiveCfg = Debug|Any CPU
		{BA3B10D9-4215-42D7-91EB-DEB93A444E4B}.Debug|Any CPU.Build.0 = Debug|Any CPU
		{BA3B10D9-4215-42D7-91EB-DEB93A444E4B}.Release|Any CPU.ActiveCfg = Release|Any CPU
		{BA3B10D9-4215-42D7-91EB-DEB93A444E4B}.Release|Any CPU.Build.0 = Release|Any CPU
		{9BCA4EBE-B59C-4169-93EB-17D347C4218E}.Debug|Any CPU.ActiveCfg = Debug|Any CPU
		{9BCA4EBE-B59C-4169-93EB-17D347C4218E}.Debug|Any CPU.Build.0 = Debug|Any CPU
		{9BCA4EBE-B59C-4169-93EB-17D347C4218E}.Release|Any CPU.ActiveCfg = Release|Any CPU
		{9BCA4EBE-B59C-4169-93EB-17D347C4218E}.Release|Any CPU.Build.0 = Release|Any CPU
	EndGlobalSection
	GlobalSection(NestedProjects) = preSolution
		{BA3B10D9-4215-42D7-91EB-DEB93A444E4B} = {97F2579B-927C-4CF0-8EC9-70659C8C5F94}
		{9BCA4EBE-B59C-4169-93EB-17D347C4218E} = {97F2579B-927C-4CF0-8EC9-70659C8C5F94}
	EndGlobalSection
EndGlobal
